
Microsoft Visual Studio Solution File, Format Version 12.00
# Visual Studio Version 17
VisualStudioVersion = 17.4.33205.214
MinimumVisualStudioVersion = 10.0.40219.1
Project("{FAE04EC0-301F-11D3-BF4B-00C04F79EFBC}") = "scuolaVerifica", "scuolaVerifica\scuolaVerifica.csproj", "{42C51320-D7C0-4763-8DF0-EAD80C3DD718}"
EndProject
Global
	GlobalSection(SolutionConfigurationPlatforms) = preSolution
		Debug|Any CPU = Debug|Any CPU
		Release|Any CPU = Release|Any CPU
	EndGlobalSection
	GlobalSection(ProjectConfigurationPlatforms) = postSolution
		{42C51320-D7C0-4763-8DF0-EAD80C3DD718}.Debug|Any CPU.ActiveCfg = Debug|Any CPU
		{42C51320-D7C0-4763-8DF0-EAD80C3DD718}.Debug|Any CPU.Build.0 = Debug|Any CPU
		{42C51320-D7C0-4763-8DF0-EAD80C3DD718}.Release|Any CPU.ActiveCfg = Release|Any CPU
		{42C51320-D7C0-4763-8DF0-EAD80C3DD718}.Release|Any CPU.Build.0 = Release|Any CPU
	EndGlobalSection
	GlobalSection(SolutionProperties) = preSolution
		HideSolutionNode = FALSE
	EndGlobalSection
	GlobalSection(ExtensibilityGlobals) = postSolution
		SolutionGuid = {15EAE78D-A99E-4A3A-9DF0-F6328A27F225}
	EndGlobalSection
EndGlobal
